<?xml version="1.0" encoding="utf-8"?>
<Project ToolsVersion="4.0" xmlns="http://schemas.microsoft.com/developer/msbuild/2003">
  <ItemGroup>
    <Filter Include="Source Files">
      <UniqueIdentifier>{9a9b2261-5910-403a-9cd1-a11df42ba807}</UniqueIdentifier>
      <Extensions>cpp;c;cxx;rc;def;r;odl;idl;hpj;bat</Extensions>
    </Filter>
    <Filter Include="Header Files">
      <UniqueIdentifier>{94f20712-cda3-4bb2-8f14-2f2c9bd55e08}</UniqueIdentifier>
      <Extensions>h;hpp;hxx;hm;inl</Extensions>
    </Filter>
    <Filter Include="Inline Files">
      <UniqueIdentifier>{7b994aff-b075-43bc-9b13-48bdce9a3d79}</UniqueIdentifier>
    </Filter>
  </ItemGroup>
  <ItemGroup>
    <ClCompile Include="navigation.cpp">
      <Filter>Source Files</Filter>
    </ClCompile>
    <ClCompile Include="navigation_handle.cpp">
      <Filter>Source Files</Filter>
    </ClCompile>
    <ClCompile Include="navigation_mesh_handle.cpp">
      <Filter>Source Files</Filter>
    </ClCompile>
    <ClCompile Include="navigation_tile_handle.cpp">
      <Filter>Source Files</Filter>
    </ClCompile>
  </ItemGroup>
  <ItemGroup>
    <ClInclude Include="navigation.h">
      <Filter>Header Files</Filter>
    </ClInclude>
    <ClInclude Include="navigation_handle.h">
      <Filter>Header Files</Filter>
    </ClInclude>
    <ClInclude Include="navigation_mesh_handle.h">
      <Filter>Header Files</Filter>
    </ClInclude>
    <ClInclude Include="navigation_tile_handle.h">
      <Filter>Header Files</Filter>
    </ClInclude>
    <ClInclude Include="stlastar.h">
      <Filter>Header Files</Filter>
    </ClInclude>
    <ClInclude Include="stlstarfsa.h">
      <Filter>Header Files</Filter>
    </ClInclude>
  </ItemGroup>
</Project>